
Microsoft Visual Studio Solution File, Format Version 11.00
# Visual Studio 2010
Project("{FAE04EC0-301F-11D3-BF4B-00C04F79EFBC}") = "DownloadSVN", "DownloadSVN\DownloadSVN.csproj", "{8F6AC8F6-48EF-4FB4-9D3D-DAFEC448FFAF}"
EndProject
Global
	GlobalSection(SolutionConfigurationPlatforms) = preSolution
		Debug|Any CPU = Debug|Any CPU
		Release|Any CPU = Release|Any CPU
	EndGlobalSection
	GlobalSection(ProjectConfigurationPlatforms) = postSolution
		{8F6AC8F6-48EF-4FB4-9D3D-DAFEC448FFAF}.Debug|Any CPU.ActiveCfg = Debug|Any CPU
		{8F6AC8F6-48EF-4FB4-9D3D-DAFEC448FFAF}.Debug|Any CPU.Build.0 = Debug|Any CPU
		{8F6AC8F6-48EF-4FB4-9D3D-DAFEC448FFAF}.Release|Any CPU.ActiveCfg = Release|Any CPU
		{8F6AC8F6-48EF-4FB4-9D3D-DAFEC448FFAF}.Release|Any CPU.Build.0 = Release|Any CPU
	EndGlobalSection
	GlobalSection(SolutionProperties) = preSolution
		HideSolutionNode = FALSE
	EndGlobalSection
EndGlobal
